
Microsoft Visual Studio Solution File, Format Version 12.00
# Visual Studio Version 17
VisualStudioVersion = 17.9.34622.214
MinimumVisualStudioVersion = 10.0.40219.1
Project("{9A19103F-16F7-4668-BE54-9A1E7A4F7556}") = "menu", "menu.csproj", "{293F6A3C-FCA5-40E4-953B-70D6592D35C7}"
EndProject
Project("{9A19103F-16F7-4668-BE54-9A1E7A4F7556}") = "MenuMaster.Tests", "..\MenuMaster.Tests\MenuMaster.Tests.csproj", "{7CC14ABC-39A9-4D5D-B664-544D786D3ABB}"
EndProject
Global
	GlobalSection(SolutionConfigurationPlatforms) = preSolution
		Debug|Any CPU = Debug|Any CPU
		Release|Any CPU = Release|Any CPU
	EndGlobalSection
	GlobalSection(ProjectConfigurationPlatforms) = postSolution
		{293F6A3C-FCA5-40E4-953B-70D6592D35C7}.Debug|Any CPU.ActiveCfg = Debug|Any CPU
		{293F6A3C-FCA5-40E4-953B-70D6592D35C7}.Debug|Any CPU.Build.0 = Debug|Any CPU
		{293F6A3C-FCA5-40E4-953B-70D6592D35C7}.Release|Any CPU.ActiveCfg = Release|Any CPU
		{293F6A3C-FCA5-40E4-953B-70D6592D35C7}.Release|Any CPU.Build.0 = Release|Any CPU
		{7CC14ABC-39A9-4D5D-B664-544D786D3ABB}.Debug|Any CPU.ActiveCfg = Debug|Any CPU
		{7CC14ABC-39A9-4D5D-B664-544D786D3ABB}.Debug|Any CPU.Build.0 = Debug|Any CPU
		{7CC14ABC-39A9-4D5D-B664-544D786D3ABB}.Release|Any CPU.ActiveCfg = Release|Any CPU
		{7CC14ABC-39A9-4D5D-B664-544D786D3ABB}.Release|Any CPU.Build.0 = Release|Any CPU
	EndGlobalSection
	GlobalSection(SolutionProperties) = preSolution
		HideSolutionNode = FALSE
	EndGlobalSection
	GlobalSection(ExtensibilityGlobals) = postSolution
		SolutionGuid = {6FA41E0C-A453-499E-9501-67A2F4E4C6C8}
	EndGlobalSection
EndGlobal
